// !$*UTF8*$!
{
	archiveVersion = 1;
	classes = {
	};
	objectVersion = 46;
	objects = {

/* Begin PBXBuildFile section */
		EC8644391D7F009200C5904A /* main.m in Sources */ = {isa = PBXBuildFile; fileRef = EC8644381D7F009200C5904A /* main.m */; };
		EC86443C1D7F009200C5904A /* AppDelegate.m in Sources */ = {isa = PBXBuildFile; fileRef = EC86443B1D7F009200C5904A /* AppDelegate.m */; };
		EC86443F1D7F009200C5904A /* ViewController.m in Sources */ = {isa = PBXBuildFile; fileRef = EC86443E1D7F009200C5904A /* ViewController.m */; };
		EC8644421D7F009200C5904A /* Main.storyboard in Resources */ = {isa = PBXBuildFile; fileRef = EC8644401D7F009200C5904A /* Main.storyboard */; };
		EC8644441D7F009200C5904A /* Assets.xcassets in Resources */ = {isa = PBXBuildFile; fileRef = EC8644431D7F009200C5904A /* Assets.xcassets */; };
		EC8644471D7F009200C5904A /* LaunchScreen.storyboard in Resources */ = {isa = PBXBuildFile; fileRef = EC8644451D7F009200C5904A /* LaunchScreen.storyboard */; };
/* End PBXBuildFile section */

/* Begin PBXFileReference section */
		EC8644341D7F009200C5904A /* TouchID.app */ = {isa = PBXFileReference; explicitFileType = wrapper.application; includeInIndex = 0; path = TouchID.app; sourceTree = BUILT_PRODUCTS_DIR; };
		EC8644381D7F009200C5904A /* main.m */ = {isa = PBXFileReference; lastKnownFileType = sourcecode.c.objc; path = main.m; sourceTree = "<group>"; };
		EC86443A1D7F009200C5904A /* AppDelegate.h */ = {isa = PBXFileReference; lastKnownFileType = sourcecode.c.h; path = AppDelegate.h; sourceTree = "<group>"; };
		EC86443B1D7F009200C5904A /* AppDelegate.m */ = {isa = PBXFileReference; lastKnownFileType = sourcecode.c.objc; path = AppDelegate.m; sourceTree = "<group>"; };
		EC86443D1D7F009200C5904A /* ViewController.h */ = {isa = PBXFileReference; lastKnownFileType = sourcecode.c.h; path = ViewController.h; sourceTree = "<group>"; };
		EC86443E1D7F009200C5904A /* ViewController.m */ = {isa = PBXFileReference; lastKnownFileType = sourcecode.c.objc; path = ViewController.m; sourceTree = "<group>"; };
		EC8644411D7F009200C5904A /* Base */ = {isa = PBXFileReference; lastKnownFileType = file.storyboard; name = Base; path = Base.lproj/Main.storyboard; sourceTree = "<group>"; };
		EC8644431D7F009200C5904A /* Assets.xcassets */ = {isa = PBXFileReference; lastKnownFileType = folder.assetcatalog; path = Assets.xcassets; sourceTree = "<group>"; };
		EC8644461D7F009200C5904A /* Base */ = {isa = PBXFileReference; lastKnownFileType = file.storyboard; name = Base; path = Base.lproj/LaunchScreen.storyboard; sourceTree = "<group>"; };
		EC8644481D7F009200C5904A /* Info.plist */ = {isa = PBXFileReference; lastKnownFileType = text.plist.xml; path = Info.plist; sourceTree = "<group>"; };
/* End PBXFileReference section */

/* Begin PBXFrameworksBuildPhase section */
		EC8644311D7F009200C5904A /* Frameworks */ = {
			isa = PBXFrameworksBuildPhase;
			buildActionMask = 2147483647;
			files = (
			);
			runOnlyForDeploymentPostprocessing = 0;
		};
/* End PBXFrameworksBuildPhase section */

/* Begin PBXGroup section */
		EC86442B1D7F009200C5904A = {
			isa = PBXGroup;
			children = (
				EC8644361D7F009200C5904A /* TouchID */,
				EC8644351D7F009200C5904A /* Products */,
			);
			sourceTree = "<group>";
		};
		EC8644351D7F009200C5904A /* Products */ = {
			isa = PBXGroup;
			children = (
				EC8644341D7F009200C5904A /* TouchID.app */,
			);
			name = Products;
			sourceTree = "<group>";
		};
		EC8644361D7F009200C5904A /* TouchID */ = {
			isa = PBXGroup;
			children = (
				EC86443A1D7F009200C5904A /* AppDelegate.h */,
				EC86443B1D7F009200C5904A /* AppDelegate.m */,
				EC86443D1D7F009200C5904A /* ViewController.h */,
				EC86443E1D7F009200C5904A /* ViewController.m */,
				EC8644401D7F009200C5904A /* Main.storyboard */,
				EC8644431D7F009200C5904A /* Assets.xcassets */,
				EC8644451D7F009200C5904A /* LaunchScreen.storyboard */,
				EC8644481D7F009200C5904A /* Info.plist */,
				EC8644371D7F009200C5904A /* Supporting Files */,
			);
			path = TouchID;
			sourceTree = "<group>";
		};
		EC8644371D7F009200C5904A /* Supporting Files */ = {
			isa = PBXGroup;
			children = (
				EC8644381D7F009200C5904A /* main.m */,
			);
			name = "Supporting Files";
			sourceTree = "<group>";
		};
/* End PBXGroup section */

/* Begin PBXNativeTarget section */
		EC8644331D7F009200C5904A /* TouchID */ = {
			isa = PBXNativeTarget;
			buildConfigurationList = EC86444B1D7F009200C5904A /* Build configuration list for PBXNativeTarget "TouchID" */;
			buildPhases = (
				EC8644301D7F009200C5904A /* Sources */,
				EC8644311D7F009200C5904A /* Frameworks */,
				EC8644321D7F009200C5904A /* Resources */,
			);
			buildRules = (
			);
			dependencies = (
			);
			name = TouchID;
			productName = TouchID;
			productReference = EC8644341D7F009200C5904A /* TouchID.app */;
			productType = "com.apple.product-type.application";
		};
/* End PBXNativeTarget section */

/* Begin PBXProject section */
		EC86442C1D7F009200C5904A /* Project object */ = {
			isa = PBXProject;
			attributes = {
				LastUpgradeCheck = 0730;
				ORGANIZATIONNAME = yeshaojian;
				TargetAttributes = {
					EC8644331D7F009200C5904A = {
						CreatedOnToolsVersion = 7.3.1;
					};
				};
			};
			buildConfigurationList = EC86442F1D7F009200C5904A /* Build configuration list for PBXProject "TouchID" */;
			compatibilityVersion = "Xcode 3.2";
			developmentRegion = English;
			hasScannedForEncodings = 0;
			knownRegions = (
				en,
				Base,
			);
			mainGroup = EC86442B1D7F009200C5904A;
			productRefGroup = EC8644351D7F009200C5904A /* Products */;
			projectDirPath = "";
			projectRoot = "";
			targets = (
				EC8644331D7F009200C5904A /* TouchID */,
			);
		};
/* End PBXProject section */

/* Begin PBXResourcesBuildPhase section */
		EC8644321D7F009200C5904A /* Resources */ = {
			isa = PBXResourcesBuildPhase;
			buildActionMask = 2147483647;
			files = (
				EC8644471D7F009200C5904A /* LaunchScreen.storyboard in Resources */,
				EC8644441D7F009200C5904A /* Assets.xcassets in Resources */,
				EC8644421D7F009200C5904A /* Main.storyboard in Resources */,
			);
			runOnlyForDeploymentPostprocessing = 0;
		};
/* End PBXResourcesBuildPhase section */

/* Begin PBXSourcesBuildPhase section */
		EC8644301D7F009200C5904A /* Sources */ = {
			isa = PBXSourcesBuildPhase;
			buildActionMask = 2147483647;
			files = (
				EC86443F1D7F009200C5904A /* ViewController.m in Sources */,
				EC86443C1D7F009200C5904A /* AppDelegate.m in Sources */,
				EC8644391D7F009200C5904A /* main.m in Sources */,
			);
			runOnlyForDeploymentPostprocessing = 0;
		};
/* End PBXSourcesBuildPhase section */

/* Begin PBXVariantGroup section */
		EC8644401D7F009200C5904A /* Main.storyboard */ = {
			isa = PBXVariantGroup;
			children = (
				EC8644411D7F009200C5904A /* Base */,
			);
			name = Main.storyboard;
			sourceTree = "<group>";
		};
		EC8644451D7F009200C5904A /* LaunchScreen.storyboard */ = {
			isa = PBXVariantGroup;
			children = (
				EC8644461D7F009200C5904A /* Base */,
			);
			name = LaunchScreen.storyboard;
			sourceTree = "<group>";
		};
/* End PBXVariantGroup section */

/* Begin XCBuildConfiguration section */
		EC8644491D7F009200C5904A /* Debug */ = {
			isa = XCBuildConfiguration;
			buildSettings = {
				ALWAYS_SEARCH_USER_PATHS = NO;
				CLANG_ANALYZER_NONNULL = YES;
				CLANG_CXX_LANGUAGE_STANDARD = "gnu++0x";
				CLANG_CXX_LIBRARY = "libc++";
				CLANG_ENABLE_MODULES = YES;
				CLANG_ENABLE_OBJC_ARC = YES;
				CLANG_WARN_BOOL_CONVERSION = YES;
				CLANG_WARN_CONSTANT_CONVERSION = YES;
				CLANG_WARN_DIRECT_OBJC_ISA_USAGE = YES_ERROR;
				CLANG_WARN_EMPTY_BODY = YES;
				CLANG_WARN_ENUM_CONVERSION = YES;
				CLANG_WARN_INT_CONVERSION = YES;
				CLANG_WARN_OBJC_ROOT_CLASS = YES_ERROR;
				CLANG_WARN_UNREACHABLE_CODE = YES;
				CLANG_WARN__DUPLICATE_METHOD_MATCH = YES;
				"CODE_SIGN_IDENTITY[sdk=iphoneos*]" = "iPhone Developer";
				COPY_PHASE_STRIP = NO;
				DEBUG_INFORMATION_FORMAT = dwarf;
				ENABLE_STRICT_OBJC_MSGSEND = YES;
				ENABLE_TESTABILITY = YES;
				GCC_C_LANGUAGE_STANDARD = gnu99;
				GCC_DYNAMIC_NO_PIC = NO;
				GCC_NO_COMMON_BLOCKS = YES;
				GCC_OPTIMIZATION_LEVEL = 0;
				GCC_PREPROCESSOR_DEFINITIONS = (
					"DEBUG=1",
					"$(inherited)",
				);
				GCC_WARN_64_TO_32_BIT_CONVERSION = YES;
				GCC_WARN_ABOUT_RETURN_TYPE = YES_ERROR;
				GCC_WARN_UNDECLARED_SELECTOR = YES;
				GCC_WARN_UNINITIALIZED_AUTOS = YES_AGGRESSIVE;
				GCC_WARN_UNUSED_FUNCTION = YES;
				GCC_WARN_UNUSED_VARIABLE = YES;
				IPHONEOS_DEPLOYMENT_TARGET = 9.3;
				MTL_ENABLE_DEBUG_INFO = YES;
				ONLY_ACTIVE_ARCH = YES;
				SDKROOT = iphoneos;
			};
			name = Debug;
		};
		EC86444A1D7F009200C5904A /* Release */ = {
			isa = XCBuildConfiguration;
			buildSettings = {
				ALWAYS_SEARCH_USER_PATHS = NO;
				CLANG_ANALYZER_NONNULL = YES;
				CLANG_CXX_LANGUAGE_STANDARD = "gnu++0x";
				CLANG_CXX_LIBRARY = "libc++";
				CLANG_ENABLE_MODULES = YES;
				CLANG_ENABLE_OBJC_ARC = YES;
				CLANG_WARN_BOOL_CONVERSION = YES;
				CLANG_WARN_CONSTANT_CONVERSION = YES;
				CLANG_WARN_DIRECT_OBJC_ISA_USAGE = YES_ERROR;
				CLANG_WARN_EMPTY_BODY = YES;
				CLANG_WARN_ENUM_CONVERSION = YES;
				CLANG_WARN_INT_CONVERSION = YES;
				CLANG_WARN_OBJC_ROOT_CLASS = YES_ERROR;
				CLANG_WARN_UNREACHABLE_CODE = YES;
				CLANG_WARN__DUPLICATE_METHOD_MATCH = YES;
				"CODE_SIGN_IDENTITY[sdk=iphoneos*]" = "iPhone Developer";
				COPY_PHASE_STRIP = NO;
				DEBUG_INFORMATION_FORMAT = "dwarf-with-dsym";
				ENABLE_NS_ASSERTIONS = NO;
				ENABLE_STRICT_OBJC_MSGSEND = YES;
				GCC_C_LANGUAGE_STANDARD = gnu99;
				GCC_NO_COMMON_BLOCKS = YES;
				GCC_WARN_64_TO_32_BIT_CONVERSION = YES;
				GCC_WARN_ABOUT_RETURN_TYPE = YES_ERROR;
				GCC_WARN_UNDECLARED_SELECTOR = YES;
				GCC_WARN_UNINITIALIZED_AUTOS = YES_AGGRESSIVE;
				GCC_WARN_UNUSED_FUNCTION = YES;
				GCC_WARN_UNUSED_VARIABLE = YES;
				IPHONEOS_DEPLOYMENT_TARGET = 9.3;
				MTL_ENABLE_DEBUG_INFO = NO;
				SDKROOT = iphoneos;
				VALIDATE_PRODUCT = YES;
			};
			name = Release;
		};
		EC86444C1D7F009200C5904A /* Debug */ = {
			isa = XCBuildConfiguration;
			buildSettings = {
				ASSETCATALOG_COMPILER_APPICON_NAME = AppIcon;
				INFOPLIST_FILE = TouchID/Info.plist;
				LD_RUNPATH_SEARCH_PATHS = "$(inherited) @executable_path/Frameworks";
				PRODUCT_BUNDLE_IDENTIFIER = com.yeshaojian.TouchID;
				PRODUCT_NAME = "$(TARGET_NAME)";
			};
			name = Debug;
		};
		EC86444D1D7F009200C5904A /* Release */ = {
			isa = XCBuildConfiguration;
			buildSettings = {
				ASSETCATALOG_COMPILER_APPICON_NAME = AppIcon;
				INFOPLIST_FILE = TouchID/Info.plist;
				LD_RUNPATH_SEARCH_PATHS = "$(inherited) @executable_path/Frameworks";
				PRODUCT_BUNDLE_IDENTIFIER = com.yeshaojian.TouchID;
				PRODUCT_NAME = "$(TARGET_NAME)";
			};
			name = Release;
		};
/* End XCBuildConfiguration section */

/* Begin XCConfigurationList section */
		EC86442F1D7F009200C5904A /* Build configuration list for PBXProject "TouchID" */ = {
			isa = XCConfigurationList;
			buildConfigurations = (
				EC8644491D7F009200C5904A /* Debug */,
				EC86444A1D7F009200C5904A /* Release */,
			);
			defaultConfigurationIsVisible = 0;
			defaultConfigurationName = Release;
		};
		EC86444B1D7F009200C5904A /* Build configuration list for PBXNativeTarget "TouchID" */ = {
			isa = XCConfigurationList;
			buildConfigurations = (
				EC86444C1D7F009200C5904A /* Debug */,
				EC86444D1D7F009200C5904A /* Release */,
			);
			defaultConfigurationIsVisible = 0;
		};
/* End XCConfigurationList section */
	};
	rootObject = EC86442C1D7F009200C5904A /* Project object */;
}
